
Microsoft Visual Studio Solution File, Format Version 12.00
# Visual Studio Version 17
VisualStudioVersion = 17.4.32804.182
MinimumVisualStudioVersion = 10.0.40219.1
Project("{FAE04EC0-301F-11D3-BF4B-00C04F79EFBC}") = "AutoMLTest", "AutoMLTest\AutoMLTest.csproj", "{103091BE-2CF3-4BA0-83FC-6F936379A140}"
EndProject
Global
	GlobalSection(SolutionConfigurationPlatforms) = preSolution
		Debug|Any CPU = Debug|Any CPU
		Release|Any CPU = Release|Any CPU
	EndGlobalSection
	GlobalSection(ProjectConfigurationPlatforms) = postSolution
		{103091BE-2CF3-4BA0-83FC-6F936379A140}.Debug|Any CPU.ActiveCfg = Debug|Any CPU
		{103091BE-2CF3-4BA0-83FC-6F936379A140}.Debug|Any CPU.Build.0 = Debug|Any CPU
		{103091BE-2CF3-4BA0-83FC-6F936379A140}.Release|Any CPU.ActiveCfg = Release|Any CPU
		{103091BE-2CF3-4BA0-83FC-6F936379A140}.Release|Any CPU.Build.0 = Release|Any CPU
	EndGlobalSection
	GlobalSection(SolutionProperties) = preSolution
		HideSolutionNode = FALSE
	EndGlobalSection
	GlobalSection(ExtensibilityGlobals) = postSolution
		SolutionGuid = {21C9E423-1122-42F5-9C78-865C025EB009}
	EndGlobalSection
EndGlobal
